
Microsoft Visual Studio Solution File, Format Version 12.00
# Visual Studio Version 17
VisualStudioVersion = 17.8.34004.107
MinimumVisualStudioVersion = 10.0.40219.1
Project("{9A19103F-16F7-4668-BE54-9A1E7A4F7556}") = "BulkyWeb", "BulkyWeb\BulkyWeb.csproj", "{97959260-9079-4E40-901E-D279F0FDE58C}"
EndProject
Project("{9A19103F-16F7-4668-BE54-9A1E7A4F7556}") = "BulkyWebRazor_Temp", "BulkyWebRazor_Temp\BulkyWebRazor_Temp.csproj", "{D9CF2720-DC8C-4DC3-8BEC-4259F92BDFEF}"
EndProject
Project("{FAE04EC0-301F-11D3-BF4B-00C04F79EFBC}") = "Bulky.DataAccess", "Bulky.DataAccess\Bulky.DataAccess.csproj", "{18639632-B0EE-4007-A5EF-8E354F4C966E}"
EndProject
Project("{FAE04EC0-301F-11D3-BF4B-00C04F79EFBC}") = "Bulky.Models", "Bulky.Models\Bulky.Models.csproj", "{7B41C5EF-009E-4B7D-AC68-FC6DE2E729E7}"
EndProject
Project("{FAE04EC0-301F-11D3-BF4B-00C04F79EFBC}") = "Bulky.Utility", "Bulky.Utility\Bulky.Utility.csproj", "{85BFDB03-23A4-4DD1-8AE9-3A9BE661A835}"
EndProject
Global
	GlobalSection(SolutionConfigurationPlatforms) = preSolution
		Debug|Any CPU = Debug|Any CPU
		Release|Any CPU = Release|Any CPU
	EndGlobalSection
	GlobalSection(ProjectConfigurationPlatforms) = postSolution
		{97959260-9079-4E40-901E-D279F0FDE58C}.Debug|Any CPU.ActiveCfg = Debug|Any CPU
		{97959260-9079-4E40-901E-D279F0FDE58C}.Debug|Any CPU.Build.0 = Debug|Any CPU
		{97959260-9079-4E40-901E-D279F0FDE58C}.Release|Any CPU.ActiveCfg = Release|Any CPU
		{97959260-9079-4E40-901E-D279F0FDE58C}.Release|Any CPU.Build.0 = Release|Any CPU
		{D9CF2720-DC8C-4DC3-8BEC-4259F92BDFEF}.Debug|Any CPU.ActiveCfg = Debug|Any CPU
		{D9CF2720-DC8C-4DC3-8BEC-4259F92BDFEF}.Debug|Any CPU.Build.0 = Debug|Any CPU
		{D9CF2720-DC8C-4DC3-8BEC-4259F92BDFEF}.Release|Any CPU.ActiveCfg = Release|Any CPU
		{D9CF2720-DC8C-4DC3-8BEC-4259F92BDFEF}.Release|Any CPU.Build.0 = Release|Any CPU
		{18639632-B0EE-4007-A5EF-8E354F4C966E}.Debug|Any CPU.ActiveCfg = Debug|Any CPU
		{18639632-B0EE-4007-A5EF-8E354F4C966E}.Debug|Any CPU.Build.0 = Debug|Any CPU
		{18639632-B0EE-4007-A5EF-8E354F4C966E}.Release|Any CPU.ActiveCfg = Release|Any CPU
		{18639632-B0EE-4007-A5EF-8E354F4C966E}.Release|Any CPU.Build.0 = Release|Any CPU
		{7B41C5EF-009E-4B7D-AC68-FC6DE2E729E7}.Debug|Any CPU.ActiveCfg = Debug|Any CPU
		{7B41C5EF-009E-4B7D-AC68-FC6DE2E729E7}.Debug|Any CPU.Build.0 = Debug|Any CPU
		{7B41C5EF-009E-4B7D-AC68-FC6DE2E729E7}.Release|Any CPU.ActiveCfg = Release|Any CPU
		{7B41C5EF-009E-4B7D-AC68-FC6DE2E729E7}.Release|Any CPU.Build.0 = Release|Any CPU
		{85BFDB03-23A4-4DD1-8AE9-3A9BE661A835}.Debug|Any CPU.ActiveCfg = Debug|Any CPU
		{85BFDB03-23A4-4DD1-8AE9-3A9BE661A835}.Debug|Any CPU.Build.0 = Debug|Any CPU
		{85BFDB03-23A4-4DD1-8AE9-3A9BE661A835}.Release|Any CPU.ActiveCfg = Release|Any CPU
		{85BFDB03-23A4-4DD1-8AE9-3A9BE661A835}.Release|Any CPU.Build.0 = Release|Any CPU
	EndGlobalSection
	GlobalSection(SolutionProperties) = preSolution
		HideSolutionNode = FALSE
	EndGlobalSection
	GlobalSection(ExtensibilityGlobals) = postSolution
		SolutionGuid = {DB90AFF3-B13C-44D3-80D6-1F71AA659945}
	EndGlobalSection
EndGlobal
